{
  "version": 2,
  "dependencies": {
    "net10.0": {
      "FluentValidation": {
        "type": "Direct",
        "requested": "[12.1.1, )",
        "resolved": "12.1.1",
        "contentHash": "EPpkIe1yh1a0OXyC100oOA8WMbZvqUu5plwhvYcb7oSELfyUZzfxV48BLhvs3kKo4NwG7MGLNgy1RJiYtT8Dpw=="
      },
      "Microsoft.CodeAnalysis.NetAnalyzers": {
        "type": "Direct",
        "requested": "[10.0.300, )",
        "resolved": "10.0.300",
        "contentHash": "WsPMVkfrmoZ0qKSasuVtYaxnd/MvqPOz7ZXld5NzyF8/kwwtPGjtmEKp4xDHG+pj4QqETpSVfkmKa0UFu/n1GQ=="
      },
      "Nerdbank.GitVersioning": {
        "type": "Direct",
        "requested": "[3.9.50, )",
        "resolved": "3.9.50",
        "contentHash": "HtOgGF6jZ+WYbXnCUCYPT8Y2d6mIJo9ozjK/FINTRsXdm4Zgv9GehUMa7EFoGQkqrMcDJNOIDwCmENnvXg4UbA=="
      },
      "NorthSouthSystems.Text": {
        "type": "Direct",
        "requested": "[8.0.1, )",
        "resolved": "8.0.1",
        "contentHash": "oPOkCLiQ14gge7yMyleRdvQFCRBSSwFGXuDyWd3FqoyLmRhn3I3rLBPnPLpy4Tpg+fsTJC0VCEPPOjxV4ZbpZQ=="
      },
      "northsouthsystems.opinions.bcl": {
        "type": "Project",
        "dependencies": {
          "NorthSouthSystems.Text": "[8.0.1, )",
          "System.IO.Hashing": "[10.0.0, )"
        }
      },
      "System.IO.Hashing": {
        "type": "CentralTransitive",
        "requested": "[10.0.0, )",
        "resolved": "10.0.0",
        "contentHash": "MqSp5IfX9RdWVwTED0WSRL1kZDNB7GlFj64O/NAJs4uO1beBHWEAFLlC7j8Fw/PkI+SUzooLVNvAe4aEkSwsRg=="
      }
    }
  }
}